Microsoft Visual Studio Solution File, Format Version 12.00
# Visual Studio Version 17
VisualStudioVersion = 17.0.31903.59
MinimumVisualStudioVersion = 10.0.40219.1
Project("{FAE04EC0-301F-11D3-BF4B-00C04F79EFBC}") = "SolarSystem.Core", "SolarSystem.Core\SolarSystem.Core.csproj", "{13A0F71A-72FD-496D-A14D-F93A3756B350}"
EndProject
Project("{FAE04EC0-301F-11D3-BF4B-00C04F79EFBC}") = "SolarSystem.Blazor", "SolarSystem.Blazor\SolarSystem.Blazor.csproj", "{7B646949-1E39-4DAD-A6AF-BAC7805B7D41}"
EndProject
Project("{FAE04EC0-301F-11D3-BF4B-00C04F79EFBC}") = "SolarSystem.Api", "SolarSystem.Api\SolarSystem.Api.csproj", "{0AA6B930-281C-4BB6-B2DA-0512BFBAC4A1}"
EndProject
Global
	GlobalSection(SolutionConfigurationPlatforms) = preSolution
		Debug|Any CPU = Debug|Any CPU
		Release|Any CPU = Release|Any CPU
	EndGlobalSection
	GlobalSection(ProjectConfigurationPlatforms) = postSolution
		{13A0F71A-72FD-496D-A14D-F93A3756B350}.Debug|Any CPU.ActiveCfg = Debug|Any CPU
		{13A0F71A-72FD-496D-A14D-F93A3756B350}.Debug|Any CPU.Build.0 = Debug|Any CPU
		{13A0F71A-72FD-496D-A14D-F93A3756B350}.Release|Any CPU.ActiveCfg = Release|Any CPU
		{13A0F71A-72FD-496D-A14D-F93A3756B350}.Release|Any CPU.Build.0 = Release|Any CPU
		{7B646949-1E39-4DAD-A6AF-BAC7805B7D41}.Debug|Any CPU.ActiveCfg = Debug|Any CPU
		{7B646949-1E39-4DAD-A6AF-BAC7805B7D41}.Debug|Any CPU.Build.0 = Debug|Any CPU
		{7B646949-1E39-4DAD-A6AF-BAC7805B7D41}.Release|Any CPU.ActiveCfg = Release|Any CPU
		{7B646949-1E39-4DAD-A6AF-BAC7805B7D41}.Release|Any CPU.Build.0 = Release|Any CPU
		{0AA6B930-281C-4BB6-B2DA-0512BFBAC4A1}.Debug|Any CPU.ActiveCfg = Debug|Any CPU
		{0AA6B930-281C-4BB6-B2DA-0512BFBAC4A1}.Debug|Any CPU.Build.0 = Debug|Any CPU
		{0AA6B930-281C-4BB6-B2DA-0512BFBAC4A1}.Release|Any CPU.ActiveCfg = Release|Any CPU
		{0AA6B930-281C-4BB6-B2DA-0512BFBAC4A1}.Release|Any CPU.Build.0 = Release|Any CPU
	EndGlobalSection
	GlobalSection(SolutionProperties) = preSolution
		HideSolutionNode = FALSE
	EndGlobalSection
EndGlobal
